
Microsoft Visual Studio Solution File, Format Version 12.00
# Visual Studio 15
VisualStudioVersion = 15.0.28307.572
MinimumVisualStudioVersion = 10.0.40219.1
Project("{FAE04EC0-301F-11D3-BF4B-00C04F79EFBC}") = "F1_Capture", "F1_Capture\F1_Capture.csproj", "{6715E92E-5DB0-4D07-A233-8EF8DAA454CE}"
EndProject
Global
	GlobalSection(SolutionConfigurationPlatforms) = preSolution
		Debug|Any CPU = Debug|Any CPU
		Release|Any CPU = Release|Any CPU
	EndGlobalSection
	GlobalSection(ProjectConfigurationPlatforms) = postSolution
		{6715E92E-5DB0-4D07-A233-8EF8DAA454CE}.Debug|Any CPU.ActiveCfg = Debug|Any CPU
		{6715E92E-5DB0-4D07-A233-8EF8DAA454CE}.Debug|Any CPU.Build.0 = Debug|Any CPU
		{6715E92E-5DB0-4D07-A233-8EF8DAA454CE}.Release|Any CPU.ActiveCfg = Release|Any CPU
		{6715E92E-5DB0-4D07-A233-8EF8DAA454CE}.Release|Any CPU.Build.0 = Release|Any CPU
	EndGlobalSection
	GlobalSection(SolutionProperties) = preSolution
		HideSolutionNode = FALSE
	EndGlobalSection
	GlobalSection(ExtensibilityGlobals) = postSolution
		SolutionGuid = {078E0322-798F-441C-B9F9-0B13F4BD7A6C}
	EndGlobalSection
EndGlobal
